
Microsoft Visual Studio Solution File, Format Version 12.00
# Visual Studio 2015
Project("{FAE04EC0-301F-11D3-BF4B-00C04F79EFBC}") = "infosys320Test.CSharp", "infosys320Test.CSharp.csproj", "{B3D87512-95C7-B4A3-E102-4020D51FF1F6}"
EndProject
Project("{FAE04EC0-301F-11D3-BF4B-00C04F79EFBC}") = "infosys320Test.CSharp.Editor", "infosys320Test.CSharp.Editor.csproj", "{EC0D107A-8BFF-033F-BE91-5AFDF2623E0A}"
EndProject
Global
	GlobalSection(SolutionConfigurationPlatforms) = preSolution
		Debug|Any CPU = Debug|Any CPU
		Release|Any CPU = Release|Any CPU
	EndGlobalSection
	GlobalSection(ProjectConfigurationPlatforms) = postSolution
		{B3D87512-95C7-B4A3-E102-4020D51FF1F6}.Debug|Any CPU.ActiveCfg = Debug|Any CPU
		{B3D87512-95C7-B4A3-E102-4020D51FF1F6}.Debug|Any CPU.Build.0 = Debug|Any CPU
		{B3D87512-95C7-B4A3-E102-4020D51FF1F6}.Release|Any CPU.ActiveCfg = Release|Any CPU
		{B3D87512-95C7-B4A3-E102-4020D51FF1F6}.Release|Any CPU.Build.0 = Release|Any CPU
		{EC0D107A-8BFF-033F-BE91-5AFDF2623E0A}.Debug|Any CPU.ActiveCfg = Debug|Any CPU
		{EC0D107A-8BFF-033F-BE91-5AFDF2623E0A}.Debug|Any CPU.Build.0 = Debug|Any CPU
		{EC0D107A-8BFF-033F-BE91-5AFDF2623E0A}.Release|Any CPU.ActiveCfg = Release|Any CPU
		{EC0D107A-8BFF-033F-BE91-5AFDF2623E0A}.Release|Any CPU.Build.0 = Release|Any CPU
	EndGlobalSection
	GlobalSection(SolutionProperties) = preSolution
		HideSolutionNode = FALSE
	EndGlobalSection
EndGlobal
